
Microsoft Visual Studio Solution File, Format Version 12.00
# Visual Studio 15
VisualStudioVersion = 15.0.28010.2003
MinimumVisualStudioVersion = 10.0.40219.1
Project("{FAE04EC0-301F-11D3-BF4B-00C04F79EFBC}") = "Aula03_Exerc01", "Aula03_Exerc01\Aula03_Exerc01.csproj", "{60047EDF-A033-42DA-B4C6-DB38C9B82683}"
EndProject
Global
	GlobalSection(SolutionConfigurationPlatforms) = preSolution
		Debug|Any CPU = Debug|Any CPU
		Release|Any CPU = Release|Any CPU
	EndGlobalSection
	GlobalSection(ProjectConfigurationPlatforms) = postSolution
		{60047EDF-A033-42DA-B4C6-DB38C9B82683}.Debug|Any CPU.ActiveCfg = Debug|Any CPU
		{60047EDF-A033-42DA-B4C6-DB38C9B82683}.Debug|Any CPU.Build.0 = Debug|Any CPU
		{60047EDF-A033-42DA-B4C6-DB38C9B82683}.Release|Any CPU.ActiveCfg = Release|Any CPU
		{60047EDF-A033-42DA-B4C6-DB38C9B82683}.Release|Any CPU.Build.0 = Release|Any CPU
	EndGlobalSection
	GlobalSection(SolutionProperties) = preSolution
		HideSolutionNode = FALSE
	EndGlobalSection
	GlobalSection(ExtensibilityGlobals) = postSolution
		SolutionGuid = {B2D206EF-3B3D-4B78-B16C-331C6EA13FD5}
	EndGlobalSection
EndGlobal
