
Microsoft Visual Studio Solution File, Format Version 12.00
# Visual Studio 15
VisualStudioVersion = 15.0.28010.2003
MinimumVisualStudioVersion = 10.0.40219.1
Project("{FAE04EC0-301F-11D3-BF4B-00C04F79EFBC}") = "Aula01_Exerc03", "Aula01_Exerc03\Aula01_Exerc03.csproj", "{3E34046F-F2B9-4BC4-86BC-27587CB79409}"
EndProject
Global
	GlobalSection(SolutionConfigurationPlatforms) = preSolution
		Debug|Any CPU = Debug|Any CPU
		Release|Any CPU = Release|Any CPU
	EndGlobalSection
	GlobalSection(ProjectConfigurationPlatforms) = postSolution
		{3E34046F-F2B9-4BC4-86BC-27587CB79409}.Debug|Any CPU.ActiveCfg = Debug|Any CPU
		{3E34046F-F2B9-4BC4-86BC-27587CB79409}.Debug|Any CPU.Build.0 = Debug|Any CPU
		{3E34046F-F2B9-4BC4-86BC-27587CB79409}.Release|Any CPU.ActiveCfg = Release|Any CPU
		{3E34046F-F2B9-4BC4-86BC-27587CB79409}.Release|Any CPU.Build.0 = Release|Any CPU
	EndGlobalSection
	GlobalSection(SolutionProperties) = preSolution
		HideSolutionNode = FALSE
	EndGlobalSection
	GlobalSection(ExtensibilityGlobals) = postSolution
		SolutionGuid = {C2A7AE40-99E0-4E1C-B49D-343BF79715EB}
	EndGlobalSection
EndGlobal
